
Microsoft Visual Studio Solution File, Format Version 12.00
# Visual Studio Version 17
VisualStudioVersion = 17.11.35222.181
MinimumVisualStudioVersion = 10.0.40219.1
Project("{FAE04EC0-301F-11D3-BF4B-00C04F79EFBC}") = "Labb 2 React + MinimalAPI", "Labb 2 React + MinimalAPI\Labb 2 React + MinimalAPI.csproj", "{72F398C7-B9A6-4DC1-B1D8-C0D27097DC45}"
EndProject
Global
	GlobalSection(SolutionConfigurationPlatforms) = preSolution
		Debug|Any CPU = Debug|Any CPU
		Release|Any CPU = Release|Any CPU
	EndGlobalSection
	GlobalSection(ProjectConfigurationPlatforms) = postSolution
		{72F398C7-B9A6-4DC1-B1D8-C0D27097DC45}.Debug|Any CPU.ActiveCfg = Debug|Any CPU
		{72F398C7-B9A6-4DC1-B1D8-C0D27097DC45}.Debug|Any CPU.Build.0 = Debug|Any CPU
		{72F398C7-B9A6-4DC1-B1D8-C0D27097DC45}.Release|Any CPU.ActiveCfg = Release|Any CPU
		{72F398C7-B9A6-4DC1-B1D8-C0D27097DC45}.Release|Any CPU.Build.0 = Release|Any CPU
	EndGlobalSection
	GlobalSection(SolutionProperties) = preSolution
		HideSolutionNode = FALSE
	EndGlobalSection
	GlobalSection(ExtensibilityGlobals) = postSolution
		SolutionGuid = {078B1575-8829-4EEE-AF48-D41C8225ACE5}
	EndGlobalSection
EndGlobal
